
Microsoft Visual Studio Solution File, Format Version 12.00
# Visual Studio Version 16
VisualStudioVersion = 16.0.30907.101
MinimumVisualStudioVersion = 10.0.40219.1
Project("{9A19103F-16F7-4668-BE54-9A1E7A4F7556}") = "EasyWebHook", "EasyWebHook.csproj", "{8216EEED-69AD-4D86-A741-24B55A553FB0}"
EndProject
Global
	GlobalSection(SolutionConfigurationPlatforms) = preSolution
		Debug|Any CPU = Debug|Any CPU
		Release|Any CPU = Release|Any CPU
	EndGlobalSection
	GlobalSection(ProjectConfigurationPlatforms) = postSolution
		{8216EEED-69AD-4D86-A741-24B55A553FB0}.Debug|Any CPU.ActiveCfg = Debug|Any CPU
		{8216EEED-69AD-4D86-A741-24B55A553FB0}.Debug|Any CPU.Build.0 = Debug|Any CPU
		{8216EEED-69AD-4D86-A741-24B55A553FB0}.Release|Any CPU.ActiveCfg = Release|Any CPU
		{8216EEED-69AD-4D86-A741-24B55A553FB0}.Release|Any CPU.Build.0 = Release|Any CPU
	EndGlobalSection
	GlobalSection(SolutionProperties) = preSolution
		HideSolutionNode = FALSE
	EndGlobalSection
	GlobalSection(ExtensibilityGlobals) = postSolution
		SolutionGuid = {469DBD54-1703-4C9A-AA95-B23C54C023EA}
	EndGlobalSection
EndGlobal
